
Microsoft Visual Studio Solution File, Format Version 12.00
# Visual Studio Version 17
VisualStudioVersion = 17.1.32210.238
MinimumVisualStudioVersion = 10.0.40219.1
Project("{8BC9CEB8-8B4A-11D0-8D11-00A0C91BC942}") = "定义字符串", "定义字符串\定义字符串.vcxproj", "{F95DA3AF-9525-450B-B47F-7F3B0F8FF841}"
EndProject
Global
	GlobalSection(SolutionConfigurationPlatforms) = preSolution
		Debug|x64 = Debug|x64
		Debug|x86 = Debug|x86
		Release|x64 = Release|x64
		Release|x86 = Release|x86
	EndGlobalSection
	GlobalSection(ProjectConfigurationPlatforms) = postSolution
		{F95DA3AF-9525-450B-B47F-7F3B0F8FF841}.Debug|x64.ActiveCfg = Debug|x64
		{F95DA3AF-9525-450B-B47F-7F3B0F8FF841}.Debug|x64.Build.0 = Debug|x64
		{F95DA3AF-9525-450B-B47F-7F3B0F8FF841}.Debug|x86.ActiveCfg = Debug|Win32
		{F95DA3AF-9525-450B-B47F-7F3B0F8FF841}.Debug|x86.Build.0 = Debug|Win32
		{F95DA3AF-9525-450B-B47F-7F3B0F8FF841}.Release|x64.ActiveCfg = Release|x64
		{F95DA3AF-9525-450B-B47F-7F3B0F8FF841}.Release|x64.Build.0 = Release|x64
		{F95DA3AF-9525-450B-B47F-7F3B0F8FF841}.Release|x86.ActiveCfg = Release|Win32
		{F95DA3AF-9525-450B-B47F-7F3B0F8FF841}.Release|x86.Build.0 = Release|Win32
	EndGlobalSection
	GlobalSection(SolutionProperties) = preSolution
		HideSolutionNode = FALSE
	EndGlobalSection
	GlobalSection(ExtensibilityGlobals) = postSolution
		SolutionGuid = {D2CEF810-6A0D-4958-A617-CEAA8438630B}
	EndGlobalSection
EndGlobal
